
Microsoft Visual Studio Solution File, Format Version 12.00
# Visual Studio Version 16
VisualStudioVersion = 16.0.29926.136
MinimumVisualStudioVersion = 10.0.40219.1
Project("{9A19103F-16F7-4668-BE54-9A1E7A4F7556}") = "WallpaperFetcher", "WallpaperFetcher\WallpaperFetcher.csproj", "{D0F09B68-AEEB-490A-BEAB-B047B17F2E40}"
EndProject
Project("{FAE04EC0-301F-11D3-BF4B-00C04F79EFBC}") = "WallpaperFetcherGui", "WallpaperFetcherGui\WallpaperFetcherGui.csproj", "{FB08CA23-0C2B-46F5-83B9-2943E02698BA}"
EndProject
Global
	GlobalSection(SolutionConfigurationPlatforms) = preSolution
		Debug|Any CPU = Debug|Any CPU
		Release|Any CPU = Release|Any CPU
	EndGlobalSection
	GlobalSection(ProjectConfigurationPlatforms) = postSolution
		{D0F09B68-AEEB-490A-BEAB-B047B17F2E40}.Debug|Any CPU.ActiveCfg = Debug|Any CPU
		{D0F09B68-AEEB-490A-BEAB-B047B17F2E40}.Debug|Any CPU.Build.0 = Debug|Any CPU
		{D0F09B68-AEEB-490A-BEAB-B047B17F2E40}.Release|Any CPU.ActiveCfg = Release|Any CPU
		{D0F09B68-AEEB-490A-BEAB-B047B17F2E40}.Release|Any CPU.Build.0 = Release|Any CPU
		{FB08CA23-0C2B-46F5-83B9-2943E02698BA}.Debug|Any CPU.ActiveCfg = Debug|Any CPU
		{FB08CA23-0C2B-46F5-83B9-2943E02698BA}.Debug|Any CPU.Build.0 = Debug|Any CPU
		{FB08CA23-0C2B-46F5-83B9-2943E02698BA}.Release|Any CPU.ActiveCfg = Release|Any CPU
		{FB08CA23-0C2B-46F5-83B9-2943E02698BA}.Release|Any CPU.Build.0 = Release|Any CPU
	EndGlobalSection
	GlobalSection(SolutionProperties) = preSolution
		HideSolutionNode = FALSE
	EndGlobalSection
	GlobalSection(ExtensibilityGlobals) = postSolution
		SolutionGuid = {DB71ACB9-8CA0-429D-90B5-8A6DE2054CE6}
	EndGlobalSection
EndGlobal
